
Microsoft Visual Studio Solution File, Format Version 12.00
# Visual Studio Version 17
VisualStudioVersion = 17.9.34728.123
MinimumVisualStudioVersion = 10.0.40219.1
Project("{8BC9CEB8-8B4A-11D0-8D11-00A0C91BC942}") = "lab_6", "lab_6\lab_6.vcxproj", "{496C127F-5003-4E99-A155-1A2CE1A9E1EA}"
EndProject
Project("{8BC9CEB8-8B4A-11D0-8D11-00A0C91BC942}") = "lab_6L", "lab_6L\lab_6L.vcxproj", "{658B136F-3D2C-414E-8115-EE598466BCE4}"
EndProject
Global
	GlobalSection(SolutionConfigurationPlatforms) = preSolution
		Debug|x64 = Debug|x64
		Debug|x86 = Debug|x86
		Release|x64 = Release|x64
		Release|x86 = Release|x86
	EndGlobalSection
	GlobalSection(ProjectConfigurationPlatforms) = postSolution
		{496C127F-5003-4E99-A155-1A2CE1A9E1EA}.Debug|x64.ActiveCfg = Debug|x64
		{496C127F-5003-4E99-A155-1A2CE1A9E1EA}.Debug|x64.Build.0 = Debug|x64
		{496C127F-5003-4E99-A155-1A2CE1A9E1EA}.Debug|x86.ActiveCfg = Debug|Win32
		{496C127F-5003-4E99-A155-1A2CE1A9E1EA}.Debug|x86.Build.0 = Debug|Win32
		{496C127F-5003-4E99-A155-1A2CE1A9E1EA}.Release|x64.ActiveCfg = Release|x64
		{496C127F-5003-4E99-A155-1A2CE1A9E1EA}.Release|x64.Build.0 = Release|x64
		{496C127F-5003-4E99-A155-1A2CE1A9E1EA}.Release|x86.ActiveCfg = Release|Win32
		{496C127F-5003-4E99-A155-1A2CE1A9E1EA}.Release|x86.Build.0 = Release|Win32
		{658B136F-3D2C-414E-8115-EE598466BCE4}.Debug|x64.ActiveCfg = Debug|x64
		{658B136F-3D2C-414E-8115-EE598466BCE4}.Debug|x64.Build.0 = Debug|x64
		{658B136F-3D2C-414E-8115-EE598466BCE4}.Debug|x86.ActiveCfg = Debug|Win32
		{658B136F-3D2C-414E-8115-EE598466BCE4}.Debug|x86.Build.0 = Debug|Win32
		{658B136F-3D2C-414E-8115-EE598466BCE4}.Release|x64.ActiveCfg = Release|x64
		{658B136F-3D2C-414E-8115-EE598466BCE4}.Release|x64.Build.0 = Release|x64
		{658B136F-3D2C-414E-8115-EE598466BCE4}.Release|x86.ActiveCfg = Release|Win32
		{658B136F-3D2C-414E-8115-EE598466BCE4}.Release|x86.Build.0 = Release|Win32
	EndGlobalSection
	GlobalSection(SolutionProperties) = preSolution
		HideSolutionNode = FALSE
	EndGlobalSection
	GlobalSection(ExtensibilityGlobals) = postSolution
		SolutionGuid = {05391DEC-96CB-472B-8CFA-A5B7DA6E7C96}
	EndGlobalSection
EndGlobal
